
Microsoft Visual Studio Solution File, Format Version 12.00
# Visual Studio Version 17
VisualStudioVersion = 17.11.35327.3
MinimumVisualStudioVersion = 10.0.40219.1
Project("{FAE04EC0-301F-11D3-BF4B-00C04F79EFBC}") = "ConsoleApp_SarahahTelegrambot", "ConsoleApp_SarahahTelegrambot\ConsoleApp_SarahahTelegrambot.csproj", "{40078C01-CEF5-4AC6-8C9C-D6E71C544B80}"
EndProject
Global
	GlobalSection(SolutionConfigurationPlatforms) = preSolution
		Debug|Any CPU = Debug|Any CPU
		Release|Any CPU = Release|Any CPU
	EndGlobalSection
	GlobalSection(ProjectConfigurationPlatforms) = postSolution
		{40078C01-CEF5-4AC6-8C9C-D6E71C544B80}.Debug|Any CPU.ActiveCfg = Debug|Any CPU
		{40078C01-CEF5-4AC6-8C9C-D6E71C544B80}.Debug|Any CPU.Build.0 = Debug|Any CPU
		{40078C01-CEF5-4AC6-8C9C-D6E71C544B80}.Release|Any CPU.ActiveCfg = Release|Any CPU
		{40078C01-CEF5-4AC6-8C9C-D6E71C544B80}.Release|Any CPU.Build.0 = Release|Any CPU
	EndGlobalSection
	GlobalSection(SolutionProperties) = preSolution
		HideSolutionNode = FALSE
	EndGlobalSection
	GlobalSection(ExtensibilityGlobals) = postSolution
		SolutionGuid = {B341C941-8366-443C-A752-94A3E16FA66B}
	EndGlobalSection
EndGlobal
